
Microsoft Visual Studio Solution File, Format Version 12.00
# Visual Studio Version 17
VisualStudioVersion = 17.7.33808.371
MinimumVisualStudioVersion = 10.0.40219.1
Project("{2150E333-8FDC-42A3-9474-1A3956D46DE8}") = "ソリューション項目", "ソリューション項目", "{3B530AD6-8436-4E1D-84D4-0FE69ACD3EFB}"
	ProjectSection(SolutionItems) = preProject
		.editorconfig = .editorconfig
		app.manifest = app.manifest
		build472.bat = build472.bat
		net472.props = net472.props
		README.txt = README.txt
	EndProjectSection
EndProject
Project("{FAE04EC0-301F-11D3-BF4B-00C04F79EFBC}") = "Preference", "Preference\Preference.csproj", "{DF58EAB8-F16E-4119-9DE5-2BF0CC408140}"
EndProject
Project("{9A19103F-16F7-4668-BE54-9A1E7A4F7556}") = "TouchChan", "TouchChan\TouchChan.csproj", "{F3E880FA-A7E6-4BA7-89E9-7044AAE4EC35}"
EndProject
Project("{9A19103F-16F7-4668-BE54-9A1E7A4F7556}") = "TouchChan.AssistiveTouch", "TouchChan.AssistiveTouch\TouchChan.AssistiveTouch.csproj", "{CFEF209C-5F08-4F5F-A8C2-3ED986EBAC9C}"
	ProjectSection(ProjectDependencies) = postProject
		{7EA74551-4AB0-4E60-925C-EAC24424E0D9} = {7EA74551-4AB0-4E60-925C-EAC24424E0D9}
		{AD72B6AA-DFA6-4E34-93E2-1177D2C3C6AE} = {AD72B6AA-DFA6-4E34-93E2-1177D2C3C6AE}
		{C703231D-A3FD-494C-ACCE-9C1EAAE8996C} = {C703231D-A3FD-494C-ACCE-9C1EAAE8996C}
		{F3E880FA-A7E6-4BA7-89E9-7044AAE4EC35} = {F3E880FA-A7E6-4BA7-89E9-7044AAE4EC35}
	EndProjectSection
EndProject
Project("{C7167F0D-BC9F-4E6E-AFE1-012C56B48DB5}") = "TouchChanPackage", "TouchChanPackage\TouchChanPackage.wapproj", "{EC0BAC97-CFA1-452E-9419-4AA2F80555FB}"
	ProjectSection(ProjectDependencies) = postProject
		{52C55070-013B-4FBE-8D94-90E513417DC1} = {52C55070-013B-4FBE-8D94-90E513417DC1}
	EndProjectSection
EndProject
Project("{9A19103F-16F7-4668-BE54-9A1E7A4F7556}") = "TouchChan.AssistiveTouch.Gesture", "TouchChan.AssistiveTouch.Gesture\TouchChan.AssistiveTouch.Gesture.csproj", "{7EA74551-4AB0-4E60-925C-EAC24424E0D9}"
EndProject
Project("{9A19103F-16F7-4668-BE54-9A1E7A4F7556}") = "TouchChan.SplashScreen", "TouchChan.SplashScreen\TouchChan.SplashScreen.csproj", "{53EBB71C-9723-4645-B877-9340CE1DCD36}"
EndProject
Project("{9A19103F-16F7-4668-BE54-9A1E7A4F7556}") = "Preference.Win32", "Preference.Win32\Preference.Win32.csproj", "{9E918030-876D-433F-B03F-2AA37E103159}"
EndProject
Project("{8BC9CEB8-8B4A-11D0-8D11-00A0C91BC942}") = "WinRTLauncher", "WinRTLauncher\WinRTLauncher.vcxproj", "{2518C195-E1B8-4C70-8B22-D2AF9A44C259}"
EndProject
Project("{8BC9CEB8-8B4A-11D0-8D11-00A0C91BC942}") = "TouchChan.ShellMenuHandler", "TouchChan.ShellMenuHandler\TouchChan.ShellMenuHandler.vcxproj", "{52C55070-013B-4FBE-8D94-90E513417DC1}"
EndProject
Project("{9A19103F-16F7-4668-BE54-9A1E7A4F7556}") = "TouchChan.AssistiveTouch.Gamepad", "TouchChan.AssistiveTouch.Gamepad\TouchChan.AssistiveTouch.Gamepad.csproj", "{AD72B6AA-DFA6-4E34-93E2-1177D2C3C6AE}"
EndProject
Project("{9A19103F-16F7-4668-BE54-9A1E7A4F7556}") = "TouchChan.AssistiveTouch.VirtualKeyboard", "TouchChan.AssistiveTouch.VirtualKeyboard\TouchChan.AssistiveTouch.VirtualKeyboard.csproj", "{C703231D-A3FD-494C-ACCE-9C1EAAE8996C}"
EndProject
Global
	GlobalSection(SolutionConfigurationPlatforms) = preSolution
		Debug|ARM64 = Debug|ARM64
		Debug|x64 = Debug|x64
		Release|ARM64 = Release|ARM64
		Release|x64 = Release|x64
	EndGlobalSection
	GlobalSection(ProjectConfigurationPlatforms) = postSolution
		{DF58EAB8-F16E-4119-9DE5-2BF0CC408140}.Debug|ARM64.ActiveCfg = Debug|ARM64
		{DF58EAB8-F16E-4119-9DE5-2BF0CC408140}.Debug|ARM64.Build.0 = Debug|ARM64
		{DF58EAB8-F16E-4119-9DE5-2BF0CC408140}.Debug|ARM64.Deploy.0 = Debug|ARM64
		{DF58EAB8-F16E-4119-9DE5-2BF0CC408140}.Debug|x64.ActiveCfg = Debug|x64
		{DF58EAB8-F16E-4119-9DE5-2BF0CC408140}.Debug|x64.Build.0 = Debug|x64
		{DF58EAB8-F16E-4119-9DE5-2BF0CC408140}.Debug|x64.Deploy.0 = Debug|x64
		{DF58EAB8-F16E-4119-9DE5-2BF0CC408140}.Release|ARM64.ActiveCfg = Release|ARM64
		{DF58EAB8-F16E-4119-9DE5-2BF0CC408140}.Release|x64.ActiveCfg = Release|x64
		{F3E880FA-A7E6-4BA7-89E9-7044AAE4EC35}.Debug|ARM64.ActiveCfg = Debug|ARM64
		{F3E880FA-A7E6-4BA7-89E9-7044AAE4EC35}.Debug|ARM64.Build.0 = Debug|ARM64
		{F3E880FA-A7E6-4BA7-89E9-7044AAE4EC35}.Debug|x64.ActiveCfg = Debug|x64
		{F3E880FA-A7E6-4BA7-89E9-7044AAE4EC35}.Debug|x64.Build.0 = Debug|x64
		{F3E880FA-A7E6-4BA7-89E9-7044AAE4EC35}.Release|ARM64.ActiveCfg = Release|ARM64
		{F3E880FA-A7E6-4BA7-89E9-7044AAE4EC35}.Release|x64.ActiveCfg = Release|x64
		{CFEF209C-5F08-4F5F-A8C2-3ED986EBAC9C}.Debug|ARM64.ActiveCfg = Debug|ARM64
		{CFEF209C-5F08-4F5F-A8C2-3ED986EBAC9C}.Debug|ARM64.Build.0 = Debug|ARM64
		{CFEF209C-5F08-4F5F-A8C2-3ED986EBAC9C}.Debug|x64.ActiveCfg = Debug|x64
		{CFEF209C-5F08-4F5F-A8C2-3ED986EBAC9C}.Debug|x64.Build.0 = Debug|x64
		{CFEF209C-5F08-4F5F-A8C2-3ED986EBAC9C}.Release|ARM64.ActiveCfg = Release|ARM64
		{CFEF209C-5F08-4F5F-A8C2-3ED986EBAC9C}.Release|x64.ActiveCfg = Release|x64
		{EC0BAC97-CFA1-452E-9419-4AA2F80555FB}.Debug|ARM64.ActiveCfg = Debug|ARM64
		{EC0BAC97-CFA1-452E-9419-4AA2F80555FB}.Debug|ARM64.Build.0 = Debug|ARM64
		{EC0BAC97-CFA1-452E-9419-4AA2F80555FB}.Debug|ARM64.Deploy.0 = Debug|ARM64
		{EC0BAC97-CFA1-452E-9419-4AA2F80555FB}.Debug|x64.ActiveCfg = Debug|x64
		{EC0BAC97-CFA1-452E-9419-4AA2F80555FB}.Debug|x64.Build.0 = Debug|x64
		{EC0BAC97-CFA1-452E-9419-4AA2F80555FB}.Debug|x64.Deploy.0 = Debug|x64
		{EC0BAC97-CFA1-452E-9419-4AA2F80555FB}.Release|ARM64.ActiveCfg = Release|ARM64
		{EC0BAC97-CFA1-452E-9419-4AA2F80555FB}.Release|ARM64.Build.0 = Release|ARM64
		{EC0BAC97-CFA1-452E-9419-4AA2F80555FB}.Release|ARM64.Deploy.0 = Release|ARM64
		{EC0BAC97-CFA1-452E-9419-4AA2F80555FB}.Release|x64.ActiveCfg = Release|x64
		{EC0BAC97-CFA1-452E-9419-4AA2F80555FB}.Release|x64.Build.0 = Release|x64
		{EC0BAC97-CFA1-452E-9419-4AA2F80555FB}.Release|x64.Deploy.0 = Release|x64
		{7EA74551-4AB0-4E60-925C-EAC24424E0D9}.Debug|ARM64.ActiveCfg = Debug|ARM64
		{7EA74551-4AB0-4E60-925C-EAC24424E0D9}.Debug|ARM64.Build.0 = Debug|ARM64
		{7EA74551-4AB0-4E60-925C-EAC24424E0D9}.Debug|x64.ActiveCfg = Debug|x64
		{7EA74551-4AB0-4E60-925C-EAC24424E0D9}.Debug|x64.Build.0 = Debug|x64
		{7EA74551-4AB0-4E60-925C-EAC24424E0D9}.Release|ARM64.ActiveCfg = Release|ARM64
		{7EA74551-4AB0-4E60-925C-EAC24424E0D9}.Release|x64.ActiveCfg = Release|x64
		{53EBB71C-9723-4645-B877-9340CE1DCD36}.Debug|ARM64.ActiveCfg = Debug|ARM64
		{53EBB71C-9723-4645-B877-9340CE1DCD36}.Debug|ARM64.Build.0 = Debug|ARM64
		{53EBB71C-9723-4645-B877-9340CE1DCD36}.Debug|x64.ActiveCfg = Debug|x64
		{53EBB71C-9723-4645-B877-9340CE1DCD36}.Debug|x64.Build.0 = Debug|x64
		{53EBB71C-9723-4645-B877-9340CE1DCD36}.Release|ARM64.ActiveCfg = Release|ARM64
		{53EBB71C-9723-4645-B877-9340CE1DCD36}.Release|x64.ActiveCfg = Release|x64
		{9E918030-876D-433F-B03F-2AA37E103159}.Debug|ARM64.ActiveCfg = Debug|ARM64
		{9E918030-876D-433F-B03F-2AA37E103159}.Debug|ARM64.Build.0 = Debug|ARM64
		{9E918030-876D-433F-B03F-2AA37E103159}.Debug|x64.ActiveCfg = Debug|Any CPU
		{9E918030-876D-433F-B03F-2AA37E103159}.Release|ARM64.ActiveCfg = Release|ARM64
		{9E918030-876D-433F-B03F-2AA37E103159}.Release|x64.ActiveCfg = Release|Any CPU
		{2518C195-E1B8-4C70-8B22-D2AF9A44C259}.Debug|ARM64.ActiveCfg = Debug|ARM64
		{2518C195-E1B8-4C70-8B22-D2AF9A44C259}.Debug|ARM64.Build.0 = Debug|ARM64
		{2518C195-E1B8-4C70-8B22-D2AF9A44C259}.Debug|x64.ActiveCfg = Debug|x64
		{2518C195-E1B8-4C70-8B22-D2AF9A44C259}.Debug|x64.Build.0 = Debug|x64
		{2518C195-E1B8-4C70-8B22-D2AF9A44C259}.Release|ARM64.ActiveCfg = Release|ARM64
		{2518C195-E1B8-4C70-8B22-D2AF9A44C259}.Release|x64.ActiveCfg = Release|x64
		{52C55070-013B-4FBE-8D94-90E513417DC1}.Debug|ARM64.ActiveCfg = Debug|ARM64
		{52C55070-013B-4FBE-8D94-90E513417DC1}.Debug|ARM64.Build.0 = Debug|ARM64
		{52C55070-013B-4FBE-8D94-90E513417DC1}.Debug|x64.ActiveCfg = Debug|x64
		{52C55070-013B-4FBE-8D94-90E513417DC1}.Debug|x64.Build.0 = Debug|x64
		{52C55070-013B-4FBE-8D94-90E513417DC1}.Release|ARM64.ActiveCfg = Release|ARM64
		{52C55070-013B-4FBE-8D94-90E513417DC1}.Release|x64.ActiveCfg = Release|x64
		{AD72B6AA-DFA6-4E34-93E2-1177D2C3C6AE}.Debug|ARM64.ActiveCfg = Debug|ARM64
		{AD72B6AA-DFA6-4E34-93E2-1177D2C3C6AE}.Debug|ARM64.Build.0 = Debug|ARM64
		{AD72B6AA-DFA6-4E34-93E2-1177D2C3C6AE}.Debug|x64.ActiveCfg = Debug|x64
		{AD72B6AA-DFA6-4E34-93E2-1177D2C3C6AE}.Debug|x64.Build.0 = Debug|x64
		{AD72B6AA-DFA6-4E34-93E2-1177D2C3C6AE}.Release|ARM64.ActiveCfg = Release|ARM64
		{AD72B6AA-DFA6-4E34-93E2-1177D2C3C6AE}.Release|x64.ActiveCfg = Release|x64
		{C703231D-A3FD-494C-ACCE-9C1EAAE8996C}.Debug|ARM64.ActiveCfg = Debug|ARM64
		{C703231D-A3FD-494C-ACCE-9C1EAAE8996C}.Debug|ARM64.Build.0 = Debug|ARM64
		{C703231D-A3FD-494C-ACCE-9C1EAAE8996C}.Debug|x64.ActiveCfg = Debug|x64
		{C703231D-A3FD-494C-ACCE-9C1EAAE8996C}.Debug|x64.Build.0 = Debug|x64
		{C703231D-A3FD-494C-ACCE-9C1EAAE8996C}.Release|ARM64.ActiveCfg = Release|ARM64
		{C703231D-A3FD-494C-ACCE-9C1EAAE8996C}.Release|x64.ActiveCfg = Release|x64
	EndGlobalSection
	GlobalSection(SolutionProperties) = preSolution
		HideSolutionNode = FALSE
	EndGlobalSection
	GlobalSection(ExtensibilityGlobals) = postSolution
		SolutionGuid = {1A37F303-33B1-4134-AF48-135E749CF9B7}
	EndGlobalSection
EndGlobal
