
Microsoft Visual Studio Solution File, Format Version 12.00
# Visual Studio Version 17
VisualStudioVersion = 17.7.33808.371
MinimumVisualStudioVersion = 10.0.40219.1
Project("{2150E333-8FDC-42A3-9474-1A3956D46DE8}") = "ソリューション項目", "ソリューション項目", "{3B530AD6-8436-4E1D-84D4-0FE69ACD3EFB}"
	ProjectSection(SolutionItems) = preProject
		.editorconfig = .editorconfig
		app.manifest = app.manifest
		README.txt = README.txt
		net472.props = net472.props
	EndProjectSection
EndProject
Project("{FAE04EC0-301F-11D3-BF4B-00C04F79EFBC}") = "Preference", "Preference\Preference.csproj", "{DF58EAB8-F16E-4119-9DE5-2BF0CC408140}"
EndProject
Project("{9A19103F-16F7-4668-BE54-9A1E7A4F7556}") = "TouchChan", "TouchChan\TouchChan.csproj", "{F3E880FA-A7E6-4BA7-89E9-7044AAE4EC35}"
EndProject
Project("{9A19103F-16F7-4668-BE54-9A1E7A4F7556}") = "TouchChan.AssistiveTouch", "TouchChan.AssistiveTouch\TouchChan.AssistiveTouch.csproj", "{CFEF209C-5F08-4F5F-A8C2-3ED986EBAC9C}"
EndProject
Project("{C7167F0D-BC9F-4E6E-AFE1-012C56B48DB5}") = "TouchChanPackage", "TouchChanPackage\TouchChanPackage.wapproj", "{EC0BAC97-CFA1-452E-9419-4AA2F80555FB}"
EndProject
Project("{8BC9CEB8-8B4A-11D0-8D11-00A0C91BC942}") = "WinRTLauncher", "WinRTLauncher\WinRTLauncher.vcxproj", "{2518C195-E1B8-4C70-8B22-D2AF9A44C259}"
EndProject
Project("{9A19103F-16F7-4668-BE54-9A1E7A4F7556}") = "TouchChan.AssistiveTouch.Gesture", "TouchChan.AssistiveTouch.Gesture\TouchChan.AssistiveTouch.Gesture.csproj", "{7EA74551-4AB0-4E60-925C-EAC24424E0D9}"
EndProject
Project("{9A19103F-16F7-4668-BE54-9A1E7A4F7556}") = "TouchChan.SplashScreen", "TouchChan.SplashScreen\TouchChan.SplashScreen.csproj", "{53EBB71C-9723-4645-B877-9340CE1DCD36}"
EndProject
Project("{9A19103F-16F7-4668-BE54-9A1E7A4F7556}") = "Preference.Win32", "Preference.Win32\Preference.Win32.csproj", "{9E918030-876D-433F-B03F-2AA37E103159}"
EndProject
Global
	GlobalSection(SolutionConfigurationPlatforms) = preSolution
		Debug|Any CPU = Debug|Any CPU
		Debug|ARM64 = Debug|ARM64
		Debug|x64 = Debug|x64
		Debug|x86 = Debug|x86
		Release|Any CPU = Release|Any CPU
		Release|ARM64 = Release|ARM64
		Release|x64 = Release|x64
		Release|x86 = Release|x86
	EndGlobalSection
	GlobalSection(ProjectConfigurationPlatforms) = postSolution
		{DF58EAB8-F16E-4119-9DE5-2BF0CC408140}.Debug|Any CPU.ActiveCfg = Debug|x64
		{DF58EAB8-F16E-4119-9DE5-2BF0CC408140}.Debug|ARM64.ActiveCfg = Debug|ARM64
		{DF58EAB8-F16E-4119-9DE5-2BF0CC408140}.Debug|ARM64.Build.0 = Debug|ARM64
		{DF58EAB8-F16E-4119-9DE5-2BF0CC408140}.Debug|ARM64.Deploy.0 = Debug|ARM64
		{DF58EAB8-F16E-4119-9DE5-2BF0CC408140}.Debug|x64.ActiveCfg = Debug|x64
		{DF58EAB8-F16E-4119-9DE5-2BF0CC408140}.Debug|x64.Build.0 = Debug|x64
		{DF58EAB8-F16E-4119-9DE5-2BF0CC408140}.Debug|x64.Deploy.0 = Debug|x64
		{DF58EAB8-F16E-4119-9DE5-2BF0CC408140}.Debug|x86.ActiveCfg = Debug|x86
		{DF58EAB8-F16E-4119-9DE5-2BF0CC408140}.Debug|x86.Build.0 = Debug|x86
		{DF58EAB8-F16E-4119-9DE5-2BF0CC408140}.Debug|x86.Deploy.0 = Debug|x86
		{DF58EAB8-F16E-4119-9DE5-2BF0CC408140}.Release|Any CPU.ActiveCfg = Release|x64
		{DF58EAB8-F16E-4119-9DE5-2BF0CC408140}.Release|ARM64.ActiveCfg = Release|ARM64
		{DF58EAB8-F16E-4119-9DE5-2BF0CC408140}.Release|ARM64.Build.0 = Release|ARM64
		{DF58EAB8-F16E-4119-9DE5-2BF0CC408140}.Release|ARM64.Deploy.0 = Release|ARM64
		{DF58EAB8-F16E-4119-9DE5-2BF0CC408140}.Release|x64.ActiveCfg = Release|x64
		{DF58EAB8-F16E-4119-9DE5-2BF0CC408140}.Release|x64.Build.0 = Release|x64
		{DF58EAB8-F16E-4119-9DE5-2BF0CC408140}.Release|x64.Deploy.0 = Release|x64
		{DF58EAB8-F16E-4119-9DE5-2BF0CC408140}.Release|x86.ActiveCfg = Release|x86
		{DF58EAB8-F16E-4119-9DE5-2BF0CC408140}.Release|x86.Build.0 = Release|x86
		{DF58EAB8-F16E-4119-9DE5-2BF0CC408140}.Release|x86.Deploy.0 = Release|x86
		{F3E880FA-A7E6-4BA7-89E9-7044AAE4EC35}.Debug|Any CPU.ActiveCfg = Debug|x64
		{F3E880FA-A7E6-4BA7-89E9-7044AAE4EC35}.Debug|Any CPU.Build.0 = Debug|x64
		{F3E880FA-A7E6-4BA7-89E9-7044AAE4EC35}.Debug|ARM64.ActiveCfg = Debug|ARM64
		{F3E880FA-A7E6-4BA7-89E9-7044AAE4EC35}.Debug|ARM64.Build.0 = Debug|ARM64
		{F3E880FA-A7E6-4BA7-89E9-7044AAE4EC35}.Debug|x64.ActiveCfg = Debug|x64
		{F3E880FA-A7E6-4BA7-89E9-7044AAE4EC35}.Debug|x64.Build.0 = Debug|x64
		{F3E880FA-A7E6-4BA7-89E9-7044AAE4EC35}.Debug|x86.ActiveCfg = Debug|x86
		{F3E880FA-A7E6-4BA7-89E9-7044AAE4EC35}.Debug|x86.Build.0 = Debug|x86
		{F3E880FA-A7E6-4BA7-89E9-7044AAE4EC35}.Release|Any CPU.ActiveCfg = Release|x64
		{F3E880FA-A7E6-4BA7-89E9-7044AAE4EC35}.Release|Any CPU.Build.0 = Release|x64
		{F3E880FA-A7E6-4BA7-89E9-7044AAE4EC35}.Release|ARM64.ActiveCfg = Release|ARM64
		{F3E880FA-A7E6-4BA7-89E9-7044AAE4EC35}.Release|ARM64.Build.0 = Release|ARM64
		{F3E880FA-A7E6-4BA7-89E9-7044AAE4EC35}.Release|x64.ActiveCfg = Release|x64
		{F3E880FA-A7E6-4BA7-89E9-7044AAE4EC35}.Release|x64.Build.0 = Release|x64
		{F3E880FA-A7E6-4BA7-89E9-7044AAE4EC35}.Release|x86.ActiveCfg = Release|x86
		{F3E880FA-A7E6-4BA7-89E9-7044AAE4EC35}.Release|x86.Build.0 = Release|x86
		{CFEF209C-5F08-4F5F-A8C2-3ED986EBAC9C}.Debug|Any CPU.ActiveCfg = Debug|x64
		{CFEF209C-5F08-4F5F-A8C2-3ED986EBAC9C}.Debug|Any CPU.Build.0 = Debug|x64
		{CFEF209C-5F08-4F5F-A8C2-3ED986EBAC9C}.Debug|ARM64.ActiveCfg = Debug|ARM64
		{CFEF209C-5F08-4F5F-A8C2-3ED986EBAC9C}.Debug|ARM64.Build.0 = Debug|ARM64
		{CFEF209C-5F08-4F5F-A8C2-3ED986EBAC9C}.Debug|x64.ActiveCfg = Debug|x64
		{CFEF209C-5F08-4F5F-A8C2-3ED986EBAC9C}.Debug|x64.Build.0 = Debug|x64
		{CFEF209C-5F08-4F5F-A8C2-3ED986EBAC9C}.Debug|x86.ActiveCfg = Debug|x86
		{CFEF209C-5F08-4F5F-A8C2-3ED986EBAC9C}.Debug|x86.Build.0 = Debug|x86
		{CFEF209C-5F08-4F5F-A8C2-3ED986EBAC9C}.Release|Any CPU.ActiveCfg = Release|x64
		{CFEF209C-5F08-4F5F-A8C2-3ED986EBAC9C}.Release|Any CPU.Build.0 = Release|x64
		{CFEF209C-5F08-4F5F-A8C2-3ED986EBAC9C}.Release|ARM64.ActiveCfg = Release|ARM64
		{CFEF209C-5F08-4F5F-A8C2-3ED986EBAC9C}.Release|ARM64.Build.0 = Release|ARM64
		{CFEF209C-5F08-4F5F-A8C2-3ED986EBAC9C}.Release|x64.ActiveCfg = Release|x64
		{CFEF209C-5F08-4F5F-A8C2-3ED986EBAC9C}.Release|x64.Build.0 = Release|x64
		{CFEF209C-5F08-4F5F-A8C2-3ED986EBAC9C}.Release|x86.ActiveCfg = Release|x86
		{CFEF209C-5F08-4F5F-A8C2-3ED986EBAC9C}.Release|x86.Build.0 = Release|x86
		{EC0BAC97-CFA1-452E-9419-4AA2F80555FB}.Debug|Any CPU.ActiveCfg = Debug|x64
		{EC0BAC97-CFA1-452E-9419-4AA2F80555FB}.Debug|ARM64.ActiveCfg = Debug|ARM64
		{EC0BAC97-CFA1-452E-9419-4AA2F80555FB}.Debug|ARM64.Build.0 = Debug|ARM64
		{EC0BAC97-CFA1-452E-9419-4AA2F80555FB}.Debug|ARM64.Deploy.0 = Debug|ARM64
		{EC0BAC97-CFA1-452E-9419-4AA2F80555FB}.Debug|x64.ActiveCfg = Debug|x64
		{EC0BAC97-CFA1-452E-9419-4AA2F80555FB}.Debug|x64.Build.0 = Debug|x64
		{EC0BAC97-CFA1-452E-9419-4AA2F80555FB}.Debug|x64.Deploy.0 = Debug|x64
		{EC0BAC97-CFA1-452E-9419-4AA2F80555FB}.Debug|x86.ActiveCfg = Debug|x86
		{EC0BAC97-CFA1-452E-9419-4AA2F80555FB}.Debug|x86.Build.0 = Debug|x86
		{EC0BAC97-CFA1-452E-9419-4AA2F80555FB}.Debug|x86.Deploy.0 = Debug|x86
		{EC0BAC97-CFA1-452E-9419-4AA2F80555FB}.Release|Any CPU.ActiveCfg = Release|x64
		{EC0BAC97-CFA1-452E-9419-4AA2F80555FB}.Release|ARM64.ActiveCfg = Release|ARM64
		{EC0BAC97-CFA1-452E-9419-4AA2F80555FB}.Release|ARM64.Build.0 = Release|ARM64
		{EC0BAC97-CFA1-452E-9419-4AA2F80555FB}.Release|ARM64.Deploy.0 = Release|ARM64
		{EC0BAC97-CFA1-452E-9419-4AA2F80555FB}.Release|x64.ActiveCfg = Release|x64
		{EC0BAC97-CFA1-452E-9419-4AA2F80555FB}.Release|x64.Build.0 = Release|x64
		{EC0BAC97-CFA1-452E-9419-4AA2F80555FB}.Release|x64.Deploy.0 = Release|x64
		{EC0BAC97-CFA1-452E-9419-4AA2F80555FB}.Release|x86.ActiveCfg = Release|x86
		{EC0BAC97-CFA1-452E-9419-4AA2F80555FB}.Release|x86.Build.0 = Release|x86
		{EC0BAC97-CFA1-452E-9419-4AA2F80555FB}.Release|x86.Deploy.0 = Release|x86
		{2518C195-E1B8-4C70-8B22-D2AF9A44C259}.Debug|Any CPU.ActiveCfg = Debug|x64
		{2518C195-E1B8-4C70-8B22-D2AF9A44C259}.Debug|ARM64.ActiveCfg = Debug|ARM64
		{2518C195-E1B8-4C70-8B22-D2AF9A44C259}.Debug|ARM64.Build.0 = Debug|ARM64
		{2518C195-E1B8-4C70-8B22-D2AF9A44C259}.Debug|x64.ActiveCfg = Debug|x64
		{2518C195-E1B8-4C70-8B22-D2AF9A44C259}.Debug|x64.Build.0 = Debug|x64
		{2518C195-E1B8-4C70-8B22-D2AF9A44C259}.Debug|x86.ActiveCfg = Debug|Win32
		{2518C195-E1B8-4C70-8B22-D2AF9A44C259}.Debug|x86.Build.0 = Debug|Win32
		{2518C195-E1B8-4C70-8B22-D2AF9A44C259}.Release|Any CPU.ActiveCfg = Release|x64
		{2518C195-E1B8-4C70-8B22-D2AF9A44C259}.Release|ARM64.ActiveCfg = Release|ARM64
		{2518C195-E1B8-4C70-8B22-D2AF9A44C259}.Release|ARM64.Build.0 = Release|ARM64
		{2518C195-E1B8-4C70-8B22-D2AF9A44C259}.Release|x64.ActiveCfg = Release|x64
		{2518C195-E1B8-4C70-8B22-D2AF9A44C259}.Release|x64.Build.0 = Release|x64
		{2518C195-E1B8-4C70-8B22-D2AF9A44C259}.Release|x86.ActiveCfg = Release|Win32
		{2518C195-E1B8-4C70-8B22-D2AF9A44C259}.Release|x86.Build.0 = Release|Win32
		{7EA74551-4AB0-4E60-925C-EAC24424E0D9}.Debug|Any CPU.ActiveCfg = Debug|Any CPU
		{7EA74551-4AB0-4E60-925C-EAC24424E0D9}.Debug|Any CPU.Build.0 = Debug|Any CPU
		{7EA74551-4AB0-4E60-925C-EAC24424E0D9}.Debug|ARM64.ActiveCfg = Debug|Any CPU
		{7EA74551-4AB0-4E60-925C-EAC24424E0D9}.Debug|ARM64.Build.0 = Debug|Any CPU
		{7EA74551-4AB0-4E60-925C-EAC24424E0D9}.Debug|x64.ActiveCfg = Debug|Any CPU
		{7EA74551-4AB0-4E60-925C-EAC24424E0D9}.Debug|x64.Build.0 = Debug|Any CPU
		{7EA74551-4AB0-4E60-925C-EAC24424E0D9}.Debug|x86.ActiveCfg = Debug|Any CPU
		{7EA74551-4AB0-4E60-925C-EAC24424E0D9}.Debug|x86.Build.0 = Debug|Any CPU
		{7EA74551-4AB0-4E60-925C-EAC24424E0D9}.Release|Any CPU.ActiveCfg = Release|Any CPU
		{7EA74551-4AB0-4E60-925C-EAC24424E0D9}.Release|Any CPU.Build.0 = Release|Any CPU
		{7EA74551-4AB0-4E60-925C-EAC24424E0D9}.Release|ARM64.ActiveCfg = Release|Any CPU
		{7EA74551-4AB0-4E60-925C-EAC24424E0D9}.Release|ARM64.Build.0 = Release|Any CPU
		{7EA74551-4AB0-4E60-925C-EAC24424E0D9}.Release|x64.ActiveCfg = Release|Any CPU
		{7EA74551-4AB0-4E60-925C-EAC24424E0D9}.Release|x64.Build.0 = Release|Any CPU
		{7EA74551-4AB0-4E60-925C-EAC24424E0D9}.Release|x86.ActiveCfg = Release|Any CPU
		{7EA74551-4AB0-4E60-925C-EAC24424E0D9}.Release|x86.Build.0 = Release|Any CPU
		{53EBB71C-9723-4645-B877-9340CE1DCD36}.Debug|Any CPU.ActiveCfg = Debug|Any CPU
		{53EBB71C-9723-4645-B877-9340CE1DCD36}.Debug|Any CPU.Build.0 = Debug|Any CPU
		{53EBB71C-9723-4645-B877-9340CE1DCD36}.Debug|ARM64.ActiveCfg = Debug|Any CPU
		{53EBB71C-9723-4645-B877-9340CE1DCD36}.Debug|ARM64.Build.0 = Debug|Any CPU
		{53EBB71C-9723-4645-B877-9340CE1DCD36}.Debug|x64.ActiveCfg = Debug|Any CPU
		{53EBB71C-9723-4645-B877-9340CE1DCD36}.Debug|x64.Build.0 = Debug|Any CPU
		{53EBB71C-9723-4645-B877-9340CE1DCD36}.Debug|x86.ActiveCfg = Debug|Any CPU
		{53EBB71C-9723-4645-B877-9340CE1DCD36}.Debug|x86.Build.0 = Debug|Any CPU
		{53EBB71C-9723-4645-B877-9340CE1DCD36}.Release|Any CPU.ActiveCfg = Release|Any CPU
		{53EBB71C-9723-4645-B877-9340CE1DCD36}.Release|Any CPU.Build.0 = Release|Any CPU
		{53EBB71C-9723-4645-B877-9340CE1DCD36}.Release|ARM64.ActiveCfg = Release|Any CPU
		{53EBB71C-9723-4645-B877-9340CE1DCD36}.Release|ARM64.Build.0 = Release|Any CPU
		{53EBB71C-9723-4645-B877-9340CE1DCD36}.Release|x64.ActiveCfg = Release|Any CPU
		{53EBB71C-9723-4645-B877-9340CE1DCD36}.Release|x64.Build.0 = Release|Any CPU
		{53EBB71C-9723-4645-B877-9340CE1DCD36}.Release|x86.ActiveCfg = Release|Any CPU
		{53EBB71C-9723-4645-B877-9340CE1DCD36}.Release|x86.Build.0 = Release|Any CPU
		{9E918030-876D-433F-B03F-2AA37E103159}.Debug|Any CPU.ActiveCfg = Debug|Any CPU
		{9E918030-876D-433F-B03F-2AA37E103159}.Debug|Any CPU.Build.0 = Debug|Any CPU
		{9E918030-876D-433F-B03F-2AA37E103159}.Debug|ARM64.ActiveCfg = Debug|Any CPU
		{9E918030-876D-433F-B03F-2AA37E103159}.Debug|ARM64.Build.0 = Debug|Any CPU
		{9E918030-876D-433F-B03F-2AA37E103159}.Debug|x64.ActiveCfg = Debug|Any CPU
		{9E918030-876D-433F-B03F-2AA37E103159}.Debug|x64.Build.0 = Debug|Any CPU
		{9E918030-876D-433F-B03F-2AA37E103159}.Debug|x86.ActiveCfg = Debug|Any CPU
		{9E918030-876D-433F-B03F-2AA37E103159}.Debug|x86.Build.0 = Debug|Any CPU
		{9E918030-876D-433F-B03F-2AA37E103159}.Release|Any CPU.ActiveCfg = Release|Any CPU
		{9E918030-876D-433F-B03F-2AA37E103159}.Release|Any CPU.Build.0 = Release|Any CPU
		{9E918030-876D-433F-B03F-2AA37E103159}.Release|ARM64.ActiveCfg = Release|Any CPU
		{9E918030-876D-433F-B03F-2AA37E103159}.Release|ARM64.Build.0 = Release|Any CPU
		{9E918030-876D-433F-B03F-2AA37E103159}.Release|x64.ActiveCfg = Release|Any CPU
		{9E918030-876D-433F-B03F-2AA37E103159}.Release|x64.Build.0 = Release|Any CPU
		{9E918030-876D-433F-B03F-2AA37E103159}.Release|x86.ActiveCfg = Release|Any CPU
		{9E918030-876D-433F-B03F-2AA37E103159}.Release|x86.Build.0 = Release|Any CPU
	EndGlobalSection
	GlobalSection(SolutionProperties) = preSolution
		HideSolutionNode = FALSE
	EndGlobalSection
	GlobalSection(ExtensibilityGlobals) = postSolution
		SolutionGuid = {1A37F303-33B1-4134-AF48-135E749CF9B7}
	EndGlobalSection
EndGlobal
